
Microsoft Visual Studio Solution File, Format Version 12.00
# Visual Studio Version 17
VisualStudioVersion = 17.4.33213.308
MinimumVisualStudioVersion = 10.0.40219.1
Project("{9A19103F-16F7-4668-BE54-9A1E7A4F7556}") = "TicTacToe", "TicTacToe.csproj", "{237A2C63-EE05-4FA0-B0A2-13DB916D5D4E}"
EndProject
Project("{E53339B2-1760-4266-BCC7-CA923CBCF16C}") = "docker-compose", "docker-compose.dcproj", "{3463872F-A922-4876-B666-AE0A6EDE6D24}"
EndProject
Global
	GlobalSection(SolutionConfigurationPlatforms) = preSolution
		Debug|Any CPU = Debug|Any CPU
		Release|Any CPU = Release|Any CPU
	EndGlobalSection
	GlobalSection(ProjectConfigurationPlatforms) = postSolution
		{237A2C63-EE05-4FA0-B0A2-13DB916D5D4E}.Debug|Any CPU.ActiveCfg = Debug|Any CPU
		{237A2C63-EE05-4FA0-B0A2-13DB916D5D4E}.Debug|Any CPU.Build.0 = Debug|Any CPU
		{237A2C63-EE05-4FA0-B0A2-13DB916D5D4E}.Release|Any CPU.ActiveCfg = Release|Any CPU
		{237A2C63-EE05-4FA0-B0A2-13DB916D5D4E}.Release|Any CPU.Build.0 = Release|Any CPU
		{3463872F-A922-4876-B666-AE0A6EDE6D24}.Debug|Any CPU.ActiveCfg = Debug|Any CPU
		{3463872F-A922-4876-B666-AE0A6EDE6D24}.Debug|Any CPU.Build.0 = Debug|Any CPU
		{3463872F-A922-4876-B666-AE0A6EDE6D24}.Release|Any CPU.ActiveCfg = Release|Any CPU
		{3463872F-A922-4876-B666-AE0A6EDE6D24}.Release|Any CPU.Build.0 = Release|Any CPU
	EndGlobalSection
	GlobalSection(SolutionProperties) = preSolution
		HideSolutionNode = FALSE
	EndGlobalSection
	GlobalSection(ExtensibilityGlobals) = postSolution
		SolutionGuid = {6BD11A40-8F96-49CC-8D4A-73E18A1418F3}
	EndGlobalSection
EndGlobal
